
Microsoft Visual Studio Solution File, Format Version 12.00
# Visual Studio Version 16
VisualStudioVersion = 16.0.33423.256
MinimumVisualStudioVersion = 10.0.40219.1
Project("{FAE04EC0-301F-11D3-BF4B-00C04F79EFBC}") = "TimGiaTriTrongMang", "TimGiaTriTrongMang.csproj", "{2BFD72DF-C3BE-4081-A2DF-6C2543E0675F}"
EndProject
Global
	GlobalSection(SolutionConfigurationPlatforms) = preSolution
		Debug|Any CPU = Debug|Any CPU
		Release|Any CPU = Release|Any CPU
	EndGlobalSection
	GlobalSection(ProjectConfigurationPlatforms) = postSolution
		{2BFD72DF-C3BE-4081-A2DF-6C2543E0675F}.Debug|Any CPU.ActiveCfg = Debug|Any CPU
		{2BFD72DF-C3BE-4081-A2DF-6C2543E0675F}.Debug|Any CPU.Build.0 = Debug|Any CPU
		{2BFD72DF-C3BE-4081-A2DF-6C2543E0675F}.Release|Any CPU.ActiveCfg = Release|Any CPU
		{2BFD72DF-C3BE-4081-A2DF-6C2543E0675F}.Release|Any CPU.Build.0 = Release|Any CPU
	EndGlobalSection
	GlobalSection(SolutionProperties) = preSolution
		HideSolutionNode = FALSE
	EndGlobalSection
	GlobalSection(ExtensibilityGlobals) = postSolution
		SolutionGuid = {60C29F92-B4EC-47C5-81E1-A4D130E49858}
	EndGlobalSection
EndGlobal
